
Microsoft Visual Studio Solution File, Format Version 12.00
# Visual Studio 14
VisualStudioVersion = 14.0.25420.1
MinimumVisualStudioVersion = 10.0.40219.1
Project("{FAE04EC0-301F-11D3-BF4B-00C04F79EFBC}") = "Sage.Office365.Graph", "Sage.Office365.Graph\Sage.Office365.Graph.csproj", "{0A9BAEE9-2F5B-4085-BB1E-ECFFCA67DA2E}"
EndProject
Project("{FAE04EC0-301F-11D3-BF4B-00C04F79EFBC}") = "Sage.Office365.Graph.Test", "Sage.Office365.Graph.Test\Sage.Office365.Graph.Test.csproj", "{30A32E4F-FAC6-47DD-84B8-F849C70B702C}"
EndProject
Project("{2150E333-8FDC-42A3-9474-1A3956D46DE8}") = "Solution Items", "Solution Items", "{4F2D1461-6198-4B4B-A0F3-7695F8431D4B}"
	ProjectSection(SolutionItems) = preProject
		Readme.txt = Readme.txt
	EndProjectSection
EndProject
Global
	GlobalSection(SolutionConfigurationPlatforms) = preSolution
		Debug|Any CPU = Debug|Any CPU
		Release|Any CPU = Release|Any CPU
	EndGlobalSection
	GlobalSection(ProjectConfigurationPlatforms) = postSolution
		{0A9BAEE9-2F5B-4085-BB1E-ECFFCA67DA2E}.Debug|Any CPU.ActiveCfg = Debug|Any CPU
		{0A9BAEE9-2F5B-4085-BB1E-ECFFCA67DA2E}.Debug|Any CPU.Build.0 = Debug|Any CPU
		{0A9BAEE9-2F5B-4085-BB1E-ECFFCA67DA2E}.Release|Any CPU.ActiveCfg = Release|Any CPU
		{0A9BAEE9-2F5B-4085-BB1E-ECFFCA67DA2E}.Release|Any CPU.Build.0 = Release|Any CPU
		{30A32E4F-FAC6-47DD-84B8-F849C70B702C}.Debug|Any CPU.ActiveCfg = Debug|Any CPU
		{30A32E4F-FAC6-47DD-84B8-F849C70B702C}.Debug|Any CPU.Build.0 = Debug|Any CPU
		{30A32E4F-FAC6-47DD-84B8-F849C70B702C}.Release|Any CPU.ActiveCfg = Release|Any CPU
		{30A32E4F-FAC6-47DD-84B8-F849C70B702C}.Release|Any CPU.Build.0 = Release|Any CPU
	EndGlobalSection
	GlobalSection(SolutionProperties) = preSolution
		HideSolutionNode = FALSE
	EndGlobalSection
EndGlobal
